
Microsoft Visual Studio Solution File, Format Version 12.00
# Visual Studio Version 17
VisualStudioVersion = 17.0.31903.59
MinimumVisualStudioVersion = 10.0.40219.1
Project("{2150E333-8FDC-42A3-9474-1A3956D46DE8}") = "src", "src", "{827E0CD3-B72D-47B6-A68D-7590B98EB39B}"
EndProject
Project("{FAE04EC0-301F-11D3-BF4B-00C04F79EFBC}") = "PulsePilot.Domain", "src\PulsePilot.Domain\PulsePilot.Domain.csproj", "{684B29BF-8456-4F5B-95C3-F3B61F2DB9FF}"
EndProject
Project("{FAE04EC0-301F-11D3-BF4B-00C04F79EFBC}") = "PulsePilot.Application", "src\PulsePilot.Application\PulsePilot.Application.csproj", "{E6CA9195-3D32-4D9A-BABA-5F0E3FB955E9}"
EndProject
Project("{FAE04EC0-301F-11D3-BF4B-00C04F79EFBC}") = "PulsePilot.Infrastructure", "src\PulsePilot.Infrastructure\PulsePilot.Infrastructure.csproj", "{143E42BA-98AF-4172-9933-8EA6CB00703F}"
EndProject
Project("{FAE04EC0-301F-11D3-BF4B-00C04F79EFBC}") = "PulsePilot.Api", "src\PulsePilot.Api\PulsePilot.Api.csproj", "{FAF3B595-ED20-4572-AAAC-D6415E243DAA}"
EndProject
Project("{FAE04EC0-301F-11D3-BF4B-00C04F79EFBC}") = "PulsePilot.Worker", "src\PulsePilot.Worker\PulsePilot.Worker.csproj", "{A671C836-98BC-4A37-AE3B-8EF2C2E2CB42}"
EndProject
Project("{2150E333-8FDC-42A3-9474-1A3956D46DE8}") = "tests", "tests", "{0AB3BF05-4346-4AA6-1389-037BE0695223}"
EndProject
Project("{FAE04EC0-301F-11D3-BF4B-00C04F79EFBC}") = "PulsePilot.UnitTests", "tests\PulsePilot.UnitTests\PulsePilot.UnitTests.csproj", "{DEEFDBEC-6511-4581-9E37-80EABE2FFB3C}"
EndProject
Project("{FAE04EC0-301F-11D3-BF4B-00C04F79EFBC}") = "PulsePilot.IntegrationTests", "tests\PulsePilot.IntegrationTests\PulsePilot.IntegrationTests.csproj", "{56FAA303-043F-4413-A011-CC9C37681381}"
EndProject
Global
	GlobalSection(SolutionConfigurationPlatforms) = preSolution
		Debug|Any CPU = Debug|Any CPU
		Debug|x64 = Debug|x64
		Debug|x86 = Debug|x86
		Release|Any CPU = Release|Any CPU
		Release|x64 = Release|x64
		Release|x86 = Release|x86
	EndGlobalSection
	GlobalSection(ProjectConfigurationPlatforms) = postSolution
		{684B29BF-8456-4F5B-95C3-F3B61F2DB9FF}.Debug|Any CPU.ActiveCfg = Debug|Any CPU
		{684B29BF-8456-4F5B-95C3-F3B61F2DB9FF}.Debug|Any CPU.Build.0 = Debug|Any CPU
		{684B29BF-8456-4F5B-95C3-F3B61F2DB9FF}.Debug|x64.ActiveCfg = Debug|Any CPU
		{684B29BF-8456-4F5B-95C3-F3B61F2DB9FF}.Debug|x64.Build.0 = Debug|Any CPU
		{684B29BF-8456-4F5B-95C3-F3B61F2DB9FF}.Debug|x86.ActiveCfg = Debug|Any CPU
		{684B29BF-8456-4F5B-95C3-F3B61F2DB9FF}.Debug|x86.Build.0 = Debug|Any CPU
		{684B29BF-8456-4F5B-95C3-F3B61F2DB9FF}.Release|Any CPU.ActiveCfg = Release|Any CPU
		{684B29BF-8456-4F5B-95C3-F3B61F2DB9FF}.Release|Any CPU.Build.0 = Release|Any CPU
		{684B29BF-8456-4F5B-95C3-F3B61F2DB9FF}.Release|x64.ActiveCfg = Release|Any CPU
		{684B29BF-8456-4F5B-95C3-F3B61F2DB9FF}.Release|x64.Build.0 = Release|Any CPU
		{684B29BF-8456-4F5B-95C3-F3B61F2DB9FF}.Release|x86.ActiveCfg = Release|Any CPU
		{684B29BF-8456-4F5B-95C3-F3B61F2DB9FF}.Release|x86.Build.0 = Release|Any CPU
		{E6CA9195-3D32-4D9A-BABA-5F0E3FB955E9}.Debug|Any CPU.ActiveCfg = Debug|Any CPU
		{E6CA9195-3D32-4D9A-BABA-5F0E3FB955E9}.Debug|Any CPU.Build.0 = Debug|Any CPU
		{E6CA9195-3D32-4D9A-BABA-5F0E3FB955E9}.Debug|x64.ActiveCfg = Debug|Any CPU
		{E6CA9195-3D32-4D9A-BABA-5F0E3FB955E9}.Debug|x64.Build.0 = Debug|Any CPU
		{E6CA9195-3D32-4D9A-BABA-5F0E3FB955E9}.Debug|x86.ActiveCfg = Debug|Any CPU
		{E6CA9195-3D32-4D9A-BABA-5F0E3FB955E9}.Debug|x86.Build.0 = Debug|Any CPU
		{E6CA9195-3D32-4D9A-BABA-5F0E3FB955E9}.Release|Any CPU.ActiveCfg = Release|Any CPU
		{E6CA9195-3D32-4D9A-BABA-5F0E3FB955E9}.Release|Any CPU.Build.0 = Release|Any CPU
		{E6CA9195-3D32-4D9A-BABA-5F0E3FB955E9}.Release|x64.ActiveCfg = Release|Any CPU
		{E6CA9195-3D32-4D9A-BABA-5F0E3FB955E9}.Release|x64.Build.0 = Release|Any CPU
		{E6CA9195-3D32-4D9A-BABA-5F0E3FB955E9}.Release|x86.ActiveCfg = Release|Any CPU
		{E6CA9195-3D32-4D9A-BABA-5F0E3FB955E9}.Release|x86.Build.0 = Release|Any CPU
		{143E42BA-98AF-4172-9933-8EA6CB00703F}.Debug|Any CPU.ActiveCfg = Debug|Any CPU
		{143E42BA-98AF-4172-9933-8EA6CB00703F}.Debug|Any CPU.Build.0 = Debug|Any CPU
		{143E42BA-98AF-4172-9933-8EA6CB00703F}.Debug|x64.ActiveCfg = Debug|Any CPU
		{143E42BA-98AF-4172-9933-8EA6CB00703F}.Debug|x64.Build.0 = Debug|Any CPU
		{143E42BA-98AF-4172-9933-8EA6CB00703F}.Debug|x86.ActiveCfg = Debug|Any CPU
		{143E42BA-98AF-4172-9933-8EA6CB00703F}.Debug|x86.Build.0 = Debug|Any CPU
		{143E42BA-98AF-4172-9933-8EA6CB00703F}.Release|Any CPU.ActiveCfg = Release|Any CPU
		{143E42BA-98AF-4172-9933-8EA6CB00703F}.Release|Any CPU.Build.0 = Release|Any CPU
		{143E42BA-98AF-4172-9933-8EA6CB00703F}.Release|x64.ActiveCfg = Release|Any CPU
		{143E42BA-98AF-4172-9933-8EA6CB00703F}.Release|x64.Build.0 = Release|Any CPU
		{143E42BA-98AF-4172-9933-8EA6CB00703F}.Release|x86.ActiveCfg = Release|Any CPU
		{143E42BA-98AF-4172-9933-8EA6CB00703F}.Release|x86.Build.0 = Release|Any CPU
		{FAF3B595-ED20-4572-AAAC-D6415E243DAA}.Debug|Any CPU.ActiveCfg = Debug|Any CPU
		{FAF3B595-ED20-4572-AAAC-D6415E243DAA}.Debug|Any CPU.Build.0 = Debug|Any CPU
		{FAF3B595-ED20-4572-AAAC-D6415E243DAA}.Debug|x64.ActiveCfg = Debug|Any CPU
		{FAF3B595-ED20-4572-AAAC-D6415E243DAA}.Debug|x64.Build.0 = Debug|Any CPU
		{FAF3B595-ED20-4572-AAAC-D6415E243DAA}.Debug|x86.ActiveCfg = Debug|Any CPU
		{FAF3B595-ED20-4572-AAAC-D6415E243DAA}.Debug|x86.Build.0 = Debug|Any CPU
		{FAF3B595-ED20-4572-AAAC-D6415E243DAA}.Release|Any CPU.ActiveCfg = Release|Any CPU
		{FAF3B595-ED20-4572-AAAC-D6415E243DAA}.Release|Any CPU.Build.0 = Release|Any CPU
		{FAF3B595-ED20-4572-AAAC-D6415E243DAA}.Release|x64.ActiveCfg = Release|Any CPU
		{FAF3B595-ED20-4572-AAAC-D6415E243DAA}.Release|x64.Build.0 = Release|Any CPU
		{FAF3B595-ED20-4572-AAAC-D6415E243DAA}.Release|x86.ActiveCfg = Release|Any CPU
		{FAF3B595-ED20-4572-AAAC-D6415E243DAA}.Release|x86.Build.0 = Release|Any CPU
		{A671C836-98BC-4A37-AE3B-8EF2C2E2CB42}.Debug|Any CPU.ActiveCfg = Debug|Any CPU
		{A671C836-98BC-4A37-AE3B-8EF2C2E2CB42}.Debug|Any CPU.Build.0 = Debug|Any CPU
		{A671C836-98BC-4A37-AE3B-8EF2C2E2CB42}.Debug|x64.ActiveCfg = Debug|Any CPU
		{A671C836-98BC-4A37-AE3B-8EF2C2E2CB42}.Debug|x64.Build.0 = Debug|Any CPU
		{A671C836-98BC-4A37-AE3B-8EF2C2E2CB42}.Debug|x86.ActiveCfg = Debug|Any CPU
		{A671C836-98BC-4A37-AE3B-8EF2C2E2CB42}.Debug|x86.Build.0 = Debug|Any CPU
		{A671C836-98BC-4A37-AE3B-8EF2C2E2CB42}.Release|Any CPU.ActiveCfg = Release|Any CPU
		{A671C836-98BC-4A37-AE3B-8EF2C2E2CB42}.Release|Any CPU.Build.0 = Release|Any CPU
		{A671C836-98BC-4A37-AE3B-8EF2C2E2CB42}.Release|x64.ActiveCfg = Release|Any CPU
		{A671C836-98BC-4A37-AE3B-8EF2C2E2CB42}.Release|x64.Build.0 = Release|Any CPU
		{A671C836-98BC-4A37-AE3B-8EF2C2E2CB42}.Release|x86.ActiveCfg = Release|Any CPU
		{A671C836-98BC-4A37-AE3B-8EF2C2E2CB42}.Release|x86.Build.0 = Release|Any CPU
		{DEEFDBEC-6511-4581-9E37-80EABE2FFB3C}.Debug|Any CPU.ActiveCfg = Debug|Any CPU
		{DEEFDBEC-6511-4581-9E37-80EABE2FFB3C}.Debug|Any CPU.Build.0 = Debug|Any CPU
		{DEEFDBEC-6511-4581-9E37-80EABE2FFB3C}.Debug|x64.ActiveCfg = Debug|Any CPU
		{DEEFDBEC-6511-4581-9E37-80EABE2FFB3C}.Debug|x64.Build.0 = Debug|Any CPU
		{DEEFDBEC-6511-4581-9E37-80EABE2FFB3C}.Debug|x86.ActiveCfg = Debug|Any CPU
		{DEEFDBEC-6511-4581-9E37-80EABE2FFB3C}.Debug|x86.Build.0 = Debug|Any CPU
		{DEEFDBEC-6511-4581-9E37-80EABE2FFB3C}.Release|Any CPU.ActiveCfg = Release|Any CPU
		{DEEFDBEC-6511-4581-9E37-80EABE2FFB3C}.Release|Any CPU.Build.0 = Release|Any CPU
		{DEEFDBEC-6511-4581-9E37-80EABE2FFB3C}.Release|x64.ActiveCfg = Release|Any CPU
		{DEEFDBEC-6511-4581-9E37-80EABE2FFB3C}.Release|x64.Build.0 = Release|Any CPU
		{DEEFDBEC-6511-4581-9E37-80EABE2FFB3C}.Release|x86.ActiveCfg = Release|Any CPU
		{DEEFDBEC-6511-4581-9E37-80EABE2FFB3C}.Release|x86.Build.0 = Release|Any CPU
		{56FAA303-043F-4413-A011-CC9C37681381}.Debug|Any CPU.ActiveCfg = Debug|Any CPU
		{56FAA303-043F-4413-A011-CC9C37681381}.Debug|Any CPU.Build.0 = Debug|Any CPU
		{56FAA303-043F-4413-A011-CC9C37681381}.Debug|x64.ActiveCfg = Debug|Any CPU
		{56FAA303-043F-4413-A011-CC9C37681381}.Debug|x64.Build.0 = Debug|Any CPU
		{56FAA303-043F-4413-A011-CC9C37681381}.Debug|x86.ActiveCfg = Debug|Any CPU
		{56FAA303-043F-4413-A011-CC9C37681381}.Debug|x86.Build.0 = Debug|Any CPU
		{56FAA303-043F-4413-A011-CC9C37681381}.Release|Any CPU.ActiveCfg = Release|Any CPU
		{56FAA303-043F-4413-A011-CC9C37681381}.Release|Any CPU.Build.0 = Release|Any CPU
		{56FAA303-043F-4413-A011-CC9C37681381}.Release|x64.ActiveCfg = Release|Any CPU
		{56FAA303-043F-4413-A011-CC9C37681381}.Release|x64.Build.0 = Release|Any CPU
		{56FAA303-043F-4413-A011-CC9C37681381}.Release|x86.ActiveCfg = Release|Any CPU
		{56FAA303-043F-4413-A011-CC9C37681381}.Release|x86.Build.0 = Release|Any CPU
	EndGlobalSection
	GlobalSection(SolutionProperties) = preSolution
		HideSolutionNode = FALSE
	EndGlobalSection
	GlobalSection(NestedProjects) = preSolution
		{684B29BF-8456-4F5B-95C3-F3B61F2DB9FF} = {827E0CD3-B72D-47B6-A68D-7590B98EB39B}
		{E6CA9195-3D32-4D9A-BABA-5F0E3FB955E9} = {827E0CD3-B72D-47B6-A68D-7590B98EB39B}
		{143E42BA-98AF-4172-9933-8EA6CB00703F} = {827E0CD3-B72D-47B6-A68D-7590B98EB39B}
		{FAF3B595-ED20-4572-AAAC-D6415E243DAA} = {827E0CD3-B72D-47B6-A68D-7590B98EB39B}
		{A671C836-98BC-4A37-AE3B-8EF2C2E2CB42} = {827E0CD3-B72D-47B6-A68D-7590B98EB39B}
		{DEEFDBEC-6511-4581-9E37-80EABE2FFB3C} = {0AB3BF05-4346-4AA6-1389-037BE0695223}
		{56FAA303-043F-4413-A011-CC9C37681381} = {0AB3BF05-4346-4AA6-1389-037BE0695223}
	EndGlobalSection
EndGlobal
